
Microsoft Visual Studio Solution File, Format Version 12.00
# Visual Studio Version 17
VisualStudioVersion = 17.0.32112.339
MinimumVisualStudioVersion = 10.0.40219.1
Project("{FAE04EC0-301F-11D3-BF4B-00C04F79EFBC}") = "Task", "Task.csproj", "{693DD73D-1641-4718-BDD9-9D4E579E6204}"
EndProject
Global
	GlobalSection(SolutionConfigurationPlatforms) = preSolution
		Debug|Any CPU = Debug|Any CPU
		Release|Any CPU = Release|Any CPU
	EndGlobalSection
	GlobalSection(ProjectConfigurationPlatforms) = postSolution
		{693DD73D-1641-4718-BDD9-9D4E579E6204}.Debug|Any CPU.ActiveCfg = Debug|Any CPU
		{693DD73D-1641-4718-BDD9-9D4E579E6204}.Debug|Any CPU.Build.0 = Debug|Any CPU
		{693DD73D-1641-4718-BDD9-9D4E579E6204}.Release|Any CPU.ActiveCfg = Release|Any CPU
		{693DD73D-1641-4718-BDD9-9D4E579E6204}.Release|Any CPU.Build.0 = Release|Any CPU
	EndGlobalSection
	GlobalSection(SolutionProperties) = preSolution
		HideSolutionNode = FALSE
	EndGlobalSection
	GlobalSection(ExtensibilityGlobals) = postSolution
		SolutionGuid = {C20FF337-8C00-4093-848C-50F185DC2C9D}
	EndGlobalSection
EndGlobal
