
Microsoft Visual Studio Solution File, Format Version 12.00
# Visual Studio Version 17
VisualStudioVersion = 17.0.32112.339
MinimumVisualStudioVersion = 10.0.40219.1
Project("{FAE04EC0-301F-11D3-BF4B-00C04F79EFBC}") = "Task 2", "Task 2.csproj", "{0799CD4D-210F-4A85-B7F6-EE93E1EEDEC5}"
EndProject
Global
	GlobalSection(SolutionConfigurationPlatforms) = preSolution
		Debug|Any CPU = Debug|Any CPU
		Release|Any CPU = Release|Any CPU
	EndGlobalSection
	GlobalSection(ProjectConfigurationPlatforms) = postSolution
		{0799CD4D-210F-4A85-B7F6-EE93E1EEDEC5}.Debug|Any CPU.ActiveCfg = Debug|Any CPU
		{0799CD4D-210F-4A85-B7F6-EE93E1EEDEC5}.Debug|Any CPU.Build.0 = Debug|Any CPU
		{0799CD4D-210F-4A85-B7F6-EE93E1EEDEC5}.Release|Any CPU.ActiveCfg = Release|Any CPU
		{0799CD4D-210F-4A85-B7F6-EE93E1EEDEC5}.Release|Any CPU.Build.0 = Release|Any CPU
	EndGlobalSection
	GlobalSection(SolutionProperties) = preSolution
		HideSolutionNode = FALSE
	EndGlobalSection
	GlobalSection(ExtensibilityGlobals) = postSolution
		SolutionGuid = {CAE2330B-A8E1-4B1D-84F9-757596EF1090}
	EndGlobalSection
EndGlobal
